dependencies:
- name: postgresql
  repository: https://charts.bitnami.com/bitnami
  version: 16.7.21
- name: nginx
  repository: https://charts.bitnami.com/bitnami
  version: 21.0.8
digest: sha256:3c49f650efc6d82be8799de74281161dd0ee2a6d3f6021bf28070d883299c1fc
generated: "2025-07-24T01:14:04.2402535+01:00"
